{
    "_readme": [
        "This file locks the dependencies of your project to a known state",
        "Read more about it at http://getcomposer.org/doc/01-basic-usage.md#composer-lock-the-lock-file",
        "This file is @generated automatically"
    ],
    "hash": "c47707a0296663d8a6d25332c8e3a3d9",
    "packages": [
        {
            "name": "nusphere/nusoap",
            "version": "0.9.5",
            "dist": {
                "type": "zip",
                "url": "http://downloads.sourceforge.net/project/nusoap/nusoap/0.9.5/nusoap-0.9.5.zip",
                "reference": null,
                "shasum": null
            },
            "type": "library",
            "autoload": {
                "classmap": [
                    "lib/"
                ]
            }
        }
    ],
    "packages-dev": [],
    "aliases": [],
    "minimum-stability": "stable",
    "stability-flags": [],
    "prefer-stable": false,
    "platform": [],
    "platform-dev": []
}
